{"SurveyEntry":{"SurveyID":"SV_8hLGfDioJezqGfY","SurveyName":"CRP Team Introduction Survey","SurveyDescription":null,"SurveyOwnerID":"UR_cvZbfL3qeg7GwS2","SurveyBrandID":"purdue","DivisionID":null,"SurveyLanguage":"EN","SurveyActiveResponseSet":"RS_0UOnC3XYprNCABw","SurveyStatus":"Active","SurveyStartDate":"0000-00-00 00:00:00","SurveyExpirationDate":"0000-00-00 00:00:00","SurveyCreationDate":"2024-06-27 11:35:57","CreatorID":"UR_cvZbfL3qeg7GwS2","LastModified":"2024-07-08 12:46:50","LastAccessed":"0000-00-00 00:00:00","LastActivated":"2024-06-27 11:47:55","Deleted":null},"SurveyElements":[{"SurveyID":"SV_8hLGfDioJezqGfY","Element":"BL","PrimaryAttribute":"Survey Blocks","SecondaryAttribute":null,"TertiaryAttribute":null,"Payload":[{"Type":"Default","Description":"Default Question Block","ID":"BL_dcHnivbjpwnGWKW","BlockElements":[{"Type":"Question","QuestionID":"QID1"},{"Type":"Question","QuestionID":"QID2"},{"Type":"Question","QuestionID":"QID15"},{"Type":"Question","QuestionID":"QID3"},{"Type":"Question","QuestionID":"QID4"}]},{"Type":"Trash","Description":"Trash \/ Unused Questions","ID":"BL_d42ydotmdfCtigC","BlockElements":[]},{"Type":"Standard","SubType":"","Description":"Block 1","ID":"BL_87KjOKcWBrYonki","BlockElements":[{"Type":"Question","QuestionID":"QID5"},{"Type":"Question","QuestionID":"QID6"},{"Type":"Question","QuestionID":"QID7"}]},{"Type":"Standard","SubType":"","Description":"Block 2","ID":"BL_bpTPCNDVbii3hfU","BlockElements":[{"Type":"Question","QuestionID":"QID9"},{"Type":"Question","QuestionID":"QID11"},{"Type":"Question","QuestionID":"QID17"}]},{"Type":"Standard","SubType":"","Description":"Block 4","ID":"BL_0SQTVIBUG97RvPE","BlockElements":[{"Type":"Question","QuestionID":"QID14"}]},{"Type":"Standard","SubType":"","Description":"Block 3","ID":"BL_6zHUpulzGk8nJL8","BlockElements":[{"Type":"Question","QuestionID":"QID18"},{"Type":"Question","QuestionID":"QID19"},{"Type":"Question","QuestionID":"QID20"},{"Type":"Question","QuestionID":"QID21"}],"Options":{"BlockLocking":"false","RandomizeQuestions":"false","BlockVisibility":"Expanded"}}]},{"SurveyID":"SV_8hLGfDioJezqGfY","Element":"FL","PrimaryAttribute":"Survey Flow","SecondaryAttribute":null,"TertiaryAttribute":null,"Payload":{"Flow":[{"ID":"BL_dcHnivbjpwnGWKW","Type":"Block","FlowID":"FL_2"},{"ID":"BL_87KjOKcWBrYonki","Type":"Standard","FlowID":"FL_3"},{"ID":"BL_bpTPCNDVbii3hfU","Type":"Standard","FlowID":"FL_4"},{"ID":"BL_6zHUpulzGk8nJL8","Type":"Standard","FlowID":"FL_8"},{"ID":"BL_0SQTVIBUG97RvPE","Type":"Standard","FlowID":"FL_5"}],"Properties":{"Count":8},"FlowID":"FL_1","Type":"Root"}},{"SurveyID":"SV_8hLGfDioJezqGfY","Element":"PL","PrimaryAttribute":"Preview Link","SecondaryAttribute":null,"TertiaryAttribute":null,"Payload":{"PreviewType":"Brand","PreviewID":"75a69e4c-4d65-4e26-a1ad-5bc61591d1d6"}},{"SurveyID":"SV_8hLGfDioJezqGfY","Element":"SO","PrimaryAttribute":"Survey Options","SecondaryAttribute":null,"TertiaryAttribute":null,"Payload":{"BackButton":"false","SaveAndContinue":"true","SurveyProtection":"PublicSurvey","BallotBoxStuffingPrevention":"false","NoIndex":"Yes","SecureResponseFiles":"true","SurveyExpiration":"None","SurveyTermination":"DefaultMessage","Header":"","Footer":"","ProgressBarDisplay":"None","PartialData":"+1 week","ValidationMessage":null,"PreviousButton":"","NextButton":"","SurveyTitle":"Qualtrics Survey | Qualtrics Experience Management","SkinLibrary":"purdue","SkinType":"MQ","Skin":"purdue1_new","NewScoring":1,"EOSMessage":null,"ShowExportTags":"false","CollectGeoLocation":"false","SurveyMetaDescription":"The most powerful, simple and trusted way to gather experience data. Start your journey to experience management and try a free account today.","PasswordProtection":"No","AnonymizeResponse":"No","RefererCheck":"No","UseCustomSurveyLinkCompletedMessage":null,"SurveyLinkCompletedMessage":null,"SurveyLinkCompletedMessageLibrary":null,"ResponseSummary":"No","EOSMessageLibrary":null,"EOSRedirectURL":null,"EmailThankYou":"false","ThankYouEmailMessageLibrary":null,"ThankYouEmailMessage":null,"ValidateMessage":"false","ValidationMessageLibrary":null,"InactiveSurvey":null,"PartialDeletion":null,"PartialDataCloseAfter":"LastActivity","InactiveMessageLibrary":null,"InactiveMessage":null,"AvailableLanguages":{"EN":[]},"ProtectSelectionIds":true,"SurveyName":"CRP Team Introduction Survey"}},{"SurveyID":"SV_8hLGfDioJezqGfY","Element":"SCO","PrimaryAttribute":"Scoring","SecondaryAttribute":null,"TertiaryAttribute":null,"Payload":{"ScoringCategories":[],"ScoringCategoryGroups":[],"ScoringSummaryCategory":null,"ScoringSummaryAfterQuestions":0,"ScoringSummaryAfterSurvey":0,"DefaultScoringCategory":null,"AutoScoringCategory":null}},{"SurveyID":"SV_8hLGfDioJezqGfY","Element":"PROJ","PrimaryAttribute":"CORE","SecondaryAttribute":null,"TertiaryAttribute":"1.1.0","Payload":{"ProjectCategory":"CORE","SchemaVersion":"1.1.0"}},{"SurveyID":"SV_8hLGfDioJezqGfY","Element":"STAT","PrimaryAttribute":"Survey Statistics","SecondaryAttribute":null,"TertiaryAttribute":null,"Payload":{"MobileCompatible":true,"ID":"Survey Statistics"}},{"SurveyID":"SV_8hLGfDioJezqGfY","Element":"QC","PrimaryAttribute":"Survey Question Count","SecondaryAttribute":"21","TertiaryAttribute":null,"Payload":null},{"SurveyID":"SV_8hLGfDioJezqGfY","Element":"SQ","PrimaryAttribute":"QID11","SecondaryAttribute":"Click to write the question text","TertiaryAttribute":null,"Payload":{"QuestionText":"Click to write the question text","DefaultChoices":false,"DataExportTag":"Q11","QuestionType":"RO","Selector":"DND","SubSelector":"TX","Configuration":{"QuestionDescriptionOption":"UseText"},"QuestionDescription":"Click to write the question text","Choices":{"1":{"Display":"Data Engineer"},"2":{"Display":"Data Architect"},"3":{"Display":"Data Scientist"},"4":{"Display":"Data Visualization Developer"},"5":{"Display":"Front End Engineer"},"6":{"Display":"Back End Engineer"},"7":{"Display":"Documentation Manger"}},"ChoiceOrder":[1,2,3,4,5,6,7],"Validation":{"Settings":{"ForceResponse":"ON","Type":"None"}},"GradingData":[],"Language":[],"NextChoiceId":8,"NextAnswerId":1,"QuestionID":"QID11"}},{"SurveyID":"SV_8hLGfDioJezqGfY","Element":"RS","PrimaryAttribute":"RS_0UOnC3XYprNCABw","SecondaryAttribute":"Default Response Set","TertiaryAttribute":null,"Payload":null},{"SurveyID":"SV_8hLGfDioJezqGfY","Element":"SQ","PrimaryAttribute":"QID1","SecondaryAttribute":"Hello! This form's intent is to learn more about you! Please answer honestly. Ensuring you have t...","TertiaryAttribute":null,"Payload":{"QuestionText":"Hello! This form's intent is to learn more about you! Please answer honestly. Ensuring you have the best experience possible in The Data Mine Corporate Partners starts with understanding your past experiences and current learning preferences. Please contact your TA with any questions.&nbsp;<br><br>Only your TA(s) and Corporate Partner Mentor(s) will review this.&nbsp;<br><br>","DefaultChoices":false,"DataExportTag":"Q1","QuestionID":"QID1","QuestionType":"DB","Selector":"TB","Configuration":{"QuestionDescriptionOption":"UseText"},"QuestionDescription":"Hello! This form's intent is to learn more about you! Please answer honestly. Ensuring you have t...","ChoiceOrder":[],"Validation":{"Settings":{"Type":"None"}},"GradingData":[],"Language":[],"NextChoiceId":9,"NextAnswerId":1,"DataVisibility":{"Private":false,"Hidden":false}}},{"SurveyID":"SV_8hLGfDioJezqGfY","Element":"SQ","PrimaryAttribute":"QID20","SecondaryAttribute":"How do you hope to contribute to your team and project this semester? Do you have a specific role...","TertiaryAttribute":null,"Payload":{"QuestionText":"How do you hope to contribute to your team and project this semester? Do you have a specific role you would like to play?","DefaultChoices":false,"DataExportTag":"Q17","QuestionType":"TE","Selector":"ESTB","DataVisibility":{"Private":false,"Hidden":false},"Configuration":{"QuestionDescriptionOption":"UseText","InputWidth":533,"InputHeight":128},"QuestionDescription":"How do you hope to contribute to your team and project this semester? Do you have a specific role...","Validation":{"Settings":{"ForceResponse":"OFF","Type":"None"}},"GradingData":[],"Language":[],"NextChoiceId":4,"NextAnswerId":1,"SearchSource":{"AllowFreeResponse":"false"},"QuestionID":"QID20"}},{"SurveyID":"SV_8hLGfDioJezqGfY","Element":"SQ","PrimaryAttribute":"QID21","SecondaryAttribute":"Is there anything else you want us to know about you?","TertiaryAttribute":null,"Payload":{"QuestionText":"Is there anything else you want us to know about you?","DefaultChoices":false,"DataExportTag":"Q18","QuestionType":"TE","Selector":"ESTB","DataVisibility":{"Private":false,"Hidden":false},"Configuration":{"QuestionDescriptionOption":"UseText","InputWidth":550,"InputHeight":178},"QuestionDescription":"Is there anything else you want us to know about you?","Validation":{"Settings":{"ForceResponse":"OFF","Type":"None"}},"GradingData":[],"Language":[],"NextChoiceId":4,"NextAnswerId":1,"SearchSource":{"AllowFreeResponse":"false"},"QuestionID":"QID21"}},{"SurveyID":"SV_8hLGfDioJezqGfY","Element":"SQ","PrimaryAttribute":"QID14","SecondaryAttribute":"Please click the arrow to submit your responses. Thank you for completing this survey!","TertiaryAttribute":null,"Payload":{"QuestionText":"Please click the arrow to submit your responses. Thank you for completing this survey!","DefaultChoices":false,"DataExportTag":"Q14","QuestionType":"DB","Selector":"TB","Configuration":{"QuestionDescriptionOption":"UseText"},"QuestionDescription":"Please click the arrow to submit your responses. Thank you for completing this survey!","ChoiceOrder":[],"Validation":{"Settings":{"Type":"None"}},"GradingData":[],"Language":[],"NextChoiceId":4,"NextAnswerId":1,"QuestionID":"QID14"}},{"SurveyID":"SV_8hLGfDioJezqGfY","Element":"SQ","PrimaryAttribute":"QID5","SecondaryAttribute":"Please describe your Academic Background. What topics have you learned through your coursework th...","TertiaryAttribute":null,"Payload":{"QuestionText":"Please describe your Academic Background. What topics have you learned through your coursework that might be relevant to TDM? What skills do you have?  <br>","DefaultChoices":false,"DataExportTag":"Q5","QuestionType":"TE","Selector":"ML","Configuration":{"QuestionDescriptionOption":"UseText","InputWidth":570,"InputHeight":136},"QuestionDescription":"Please describe your Academic Background. What topics have you learned through your coursework th...","Validation":{"Settings":{"ForceResponse":"ON","ForceResponseType":"ON","Type":"None"}},"GradingData":[],"Language":[],"NextChoiceId":4,"NextAnswerId":1,"SearchSource":{"AllowFreeResponse":"false"},"QuestionID":"QID5","DataVisibility":{"Private":false,"Hidden":false}}},{"SurveyID":"SV_8hLGfDioJezqGfY","Element":"SQ","PrimaryAttribute":"QID3","SecondaryAttribute":"Please enter your major?","TertiaryAttribute":null,"Payload":{"QuestionText":"Please enter your major?","DefaultChoices":false,"DataExportTag":"Q3","QuestionType":"TE","Selector":"SL","Configuration":{"QuestionDescriptionOption":"UseText"},"QuestionDescription":"Please enter your major?","Validation":{"Settings":{"ForceResponse":"OFF","Type":"None"}},"GradingData":[],"Language":[],"NextChoiceId":4,"NextAnswerId":1,"SearchSource":{"AllowFreeResponse":"false"},"QuestionID":"QID3","DataVisibility":{"Private":false,"Hidden":false}}},{"SurveyID":"SV_8hLGfDioJezqGfY","Element":"SQ","PrimaryAttribute":"QID2","SecondaryAttribute":"Please enter your name","TertiaryAttribute":null,"Payload":{"QuestionText":"Please enter your name","DefaultChoices":false,"DataExportTag":"Q2","QuestionType":"TE","Selector":"FORM","Configuration":{"QuestionDescriptionOption":"UseText"},"QuestionDescription":"Please enter your name","Validation":{"Settings":{"ForceResponse":"OFF","Type":null}},"GradingData":[],"Language":[],"NextChoiceId":8,"NextAnswerId":1,"SearchSource":{"AllowFreeResponse":"false"},"QuestionID":"QID2","DataVisibility":{"Private":false,"Hidden":false},"Choices":{"4":{"Display":"First Name","InputHeight":29,"InputWidth":439,"TextEntry":"on"},"5":{"Display":"Last Name","InputHeight":29,"InputWidth":437,"TextEntry":"on"},"7":{"Display":"Preferred First Name","InputHeight":29,"InputWidth":438,"TextEntry":"on"}},"ChoiceOrder":["4","5","7"]}},{"SurveyID":"SV_8hLGfDioJezqGfY","Element":"SQ","PrimaryAttribute":"QID6","SecondaryAttribute":"Please Rate Your Familiarity and Knowledge of the Following Technologies. **TAS PLEASE CUSTOMIZE...","TertiaryAttribute":null,"Payload":{"QuestionText":"Please Rate Your Familiarity and Knowledge of the Following Technologies.<br><b>**TAS PLEASE CUSTOMIZE THIS TO REFLECT CONTENT THAT IS RELEVANT TO YOUR PROJECT&nbsp;<\/b><br>","DefaultChoices":false,"DataExportTag":"Q6","QuestionType":"Matrix","Selector":"Likert","SubSelector":"SingleAnswer","Configuration":{"QuestionDescriptionOption":"UseText","TextPosition":"inline","ChoiceColumnWidth":25,"RepeatHeaders":"none","WhiteSpace":"OFF","MobileFirst":true},"QuestionDescription":"Please Rate Your Familiarity and Knowledge of the Following Technologies. **TAS PLEASE CUSTOMIZE...","Choices":{"1":{"Display":"Python"},"2":{"Display":"R"},"3":{"Display":"SQL"},"4":{"Display":"Docker"},"5":{"Display":"AWS"},"6":{"Display":"Azure"},"7":{"Display":"Git & Github"},"8":{"Display":"Tableau"},"9":{"Display":"Javascript"}},"ChoiceOrder":[1,2,3,4,5,6,7,8,9],"Validation":{"Settings":{"ForceResponse":"ON","ForceResponseType":"ON","Type":"None"}},"GradingData":[],"Language":[],"NextChoiceId":10,"NextAnswerId":6,"Answers":{"1":{"Display":"Unfamiliar"},"2":{"Display":"Heard of it"},"3":{"Display":"Proficient"},"4":{"Display":"Well Versed"},"5":{"Display":"Expert"}},"AnswerOrder":[1,2,3,4,5],"ChoiceDataExportTags":false,"QuestionID":"QID6","DataVisibility":{"Private":false,"Hidden":false}}},{"SurveyID":"SV_8hLGfDioJezqGfY","Element":"SQ","PrimaryAttribute":"QID7","SecondaryAttribute":"Please Rate Your Familiarity and Knowledge of the Following Topics. **TAS PLEASE CUSTOMIZE THIS T...","TertiaryAttribute":null,"Payload":{"QuestionText":"Please Rate Your Familiarity and Knowledge of the Following Topics.<br><b>**TAS PLEASE CUSTOMIZE THIS TO REFLECT CONTENT THAT IS RELEVANT TO YOUR PROJECT <\/b><br>","DefaultChoices":false,"DataExportTag":"Q7","QuestionType":"Matrix","Selector":"Likert","SubSelector":"SingleAnswer","Configuration":{"QuestionDescriptionOption":"UseText","TextPosition":"inline","ChoiceColumnWidth":25,"RepeatHeaders":"none","WhiteSpace":"OFF","MobileFirst":true},"QuestionDescription":"Please Rate Your Familiarity and Knowledge of the Following Topics. **TAS PLEASE CUSTOMIZE THIS T...","Choices":{"1":{"Display":"Data Visualization"},"2":{"Display":"Data and Statistical Analysis"},"3":{"Display":"Machine Learning"},"4":{"Display":"Front End Development"},"5":{"Display":"Back End Development"},"6":{"Display":"Data Engineering"},"7":{"Display":"Data Architecture"},"8":{"Display":"NLP"},"9":{"Display":"Computer Vision"}},"ChoiceOrder":[1,2,3,4,5,6,7,8,9],"Validation":{"Settings":{"ForceResponse":"OFF","Type":"None"}},"GradingData":[],"Language":[],"NextChoiceId":11,"NextAnswerId":6,"Answers":{"1":{"Display":"Unfamiliar"},"2":{"Display":"Heard of it"},"3":{"Display":"Proficient"},"4":{"Display":"Well Versed"},"5":{"Display":"Expert"}},"AnswerOrder":[1,2,3,4,5],"ChoiceDataExportTags":false,"QuestionID":"QID7","DataVisibility":{"Private":false,"Hidden":false}}},{"SurveyID":"SV_8hLGfDioJezqGfY","Element":"SQ","PrimaryAttribute":"QID9","SecondaryAttribute":"Please read through the following roles and rank which roles you are most interested in taking on...","TertiaryAttribute":null,"Payload":{"QuestionText":"Please read through the following roles and rank which roles you are most interested in taking on. These rankings are certainly not final. All team members are encouraged to choose roles that fit both their learning goals and technical proficiency. Please also remember that each of these roles will always be communicating and working together!\n<br><br><b>Data Engineers\n<\/b><br>Create consistent and easily accessible data pipelines for use of others on the team\n<br>- Work with APIs to capture data\n<br>- Edit and write scripts to process the data, frequently written in Python, Bash, Java\n<br>- Work closely with the Data Architects\n<br><br><b>Data Architects<\/b>\n<br>Define how the data will be stored, protected, integrated, and managed\n<br>- Create and manage SQL Databases and tables\n<br>- Explore other data storage technologies such as Firebase, AWS, and Azure <br>- Work closely with the Data Engineers and Back End Developers\n<br><br><b>Data Scientist\n<br><\/b>Extracts value from data through Statistical Analysis that enable enhanced business and research solutions <br>- Perform frequent data analysis, often using R and Python\n<br>- Develop Machine Learning models for application\n<br>- Work closely with all members on the team <br><br><b>Data Visualization&nbsp;Developers\n<\/b><br>Responsible for rich, interactive graphics, data visualizations, and plotting methods\n<br>- Edit and create R Shiny dashboard<br>- Develop new data visualizations using Tableau, Spotfire, and Node JS\n<br>- Work closely with the Front-End Engineers\n<br><br><b>Front-End Engineers<\/b>\n<br>Implementing visual elements that users see and interact with\n<br>- Develop user interfaces, often using React Native, HTML, CSS, JavaScript, Expo\n<br>- Explore other front-end tools such as Bootstrap, and AngularJS\n<br>- Work closely with Data Visualization Developers on in-application data visualization and Back-End Engineers\n<br><br><b>Back-End Engineers<\/b>\n<br>Responsible for server-side application logic and integration of the work Front-End Developers do\n<br>- Develop, test, and implement a REST API for server-side communication\n<br>- Explore best technologies for writing APIs such as Flask, Django, and NodeJS\n<br>- Work with popular API testing technology such as Postman\n<br>- Implement and learn container technology for deployment using Docker\n<br>- Work closely with Front-End Engineers and Data Architects\n<br><br><b>Documentation Manager<\/b>\n<br>Responsible for maintaining the documentation guide and ensuring all team members contribute as necessary. This person is <b>not<\/b> responsible completing the documentation guide, but rather managing its completion. This individual will have an additional role to this one.&nbsp;<br>- Maintaining organization and appearances of documentation guide&nbsp;<br>- Reminding team members to contribute when necessary&nbsp;<br>- Finalizing all information and layout at the end of semester&nbsp;<br>- communicating with mentor to understand what is required in the document&nbsp;<br>","DefaultChoices":false,"DataExportTag":"Q9","QuestionType":"DB","Selector":"TB","Configuration":{"QuestionDescriptionOption":"UseText"},"QuestionDescription":"Please read through the following roles and rank which roles you are most interested in taking on...","ChoiceOrder":[],"Validation":{"Settings":{"Type":"None"}},"GradingData":[],"Language":[],"NextChoiceId":4,"NextAnswerId":1,"QuestionID":"QID9","DataVisibility":{"Private":false,"Hidden":false}}},{"SurveyID":"SV_8hLGfDioJezqGfY","Element":"SQ","PrimaryAttribute":"QID19","SecondaryAttribute":"Please set at least one goal you have in terms of Professional Development for this fall semester...","TertiaryAttribute":null,"Payload":{"QuestionText":"Please set at least one goal you have in terms of Professional Development for this fall semester and the academic year.","DefaultChoices":false,"DataExportTag":"Q16","QuestionType":"TE","Selector":"ESTB","DataVisibility":{"Private":false,"Hidden":false},"Configuration":{"QuestionDescriptionOption":"UseText","InputWidth":601,"InputHeight":163},"QuestionDescription":"Please set at least one goal you have in terms of Professional Development for this fall semester...","Validation":{"Settings":{"ForceResponse":"OFF","Type":"None"}},"GradingData":[],"Language":[],"NextChoiceId":4,"NextAnswerId":1,"SearchSource":{"AllowFreeResponse":"false"},"QuestionID":"QID19"}},{"SurveyID":"SV_8hLGfDioJezqGfY","Element":"SQ","PrimaryAttribute":"QID15","SecondaryAttribute":"What are your pronouns?","TertiaryAttribute":null,"Payload":{"QuestionText":"What are your pronouns?","DefaultChoices":false,"DataExportTag":"Q12","QuestionID":"QID15","QuestionType":"TE","Selector":"SL","Configuration":{"QuestionDescriptionOption":"UseText","InputWidth":592,"InputHeight":29},"QuestionDescription":"What are your pronouns?","Validation":{"Settings":{"ForceResponse":"OFF","Type":"None"}},"GradingData":[],"Language":[],"NextChoiceId":4,"NextAnswerId":1,"SearchSource":{"AllowFreeResponse":"false"}}},{"SurveyID":"SV_8hLGfDioJezqGfY","Element":"SQ","PrimaryAttribute":"QID18","SecondaryAttribute":"What do you hope to get out of your experience in The Data Mine Corporate Partners program? What...","TertiaryAttribute":null,"Payload":{"QuestionText":"What do you hope to get out of your experience in The Data Mine Corporate Partners program? What defines a successful year for you?","DefaultChoices":false,"DataExportTag":"Q15","QuestionType":"TE","Selector":"ESTB","DataVisibility":{"Private":false,"Hidden":false},"Configuration":{"QuestionDescriptionOption":"UseText","InputWidth":566,"InputHeight":153},"QuestionDescription":"What do you hope to get out of your experience in The Data Mine Corporate Partners program? What...","Validation":{"Settings":{"ForceResponse":"OFF","Type":"None"}},"GradingData":[],"Language":[],"NextChoiceId":4,"NextAnswerId":1,"SearchSource":{"AllowFreeResponse":"false"},"QuestionID":"QID18"}},{"SurveyID":"SV_8hLGfDioJezqGfY","Element":"SQ","PrimaryAttribute":"QID4","SecondaryAttribute":"What year are you in?","TertiaryAttribute":null,"Payload":{"QuestionText":"What year are you in?","DefaultChoices":false,"DataExportTag":"Q4","QuestionType":"MC","Selector":"SAVR","SubSelector":"TX","Configuration":{"QuestionDescriptionOption":"UseText"},"QuestionDescription":"What year are you in?","Choices":{"1":{"Display":"1st year undergrad"},"2":{"Display":"2nd year undergrad"},"3":{"Display":"3rd year undergrad"},"4":{"Display":"4th year undergrad"},"5":{"Display":"5th year undergrad"},"6":{"Display":"Graduate Student"}},"ChoiceOrder":[1,2,3,4,5,6],"Validation":{"Settings":{"ForceResponse":"OFF","Type":"None"}},"GradingData":[],"Language":[],"NextChoiceId":7,"NextAnswerId":1,"QuestionID":"QID4","DataVisibility":{"Private":false,"Hidden":false}}},{"SurveyID":"SV_8hLGfDioJezqGfY","Element":"SQ","PrimaryAttribute":"QID17","SecondaryAttribute":"Would you rather have team members designated for each role or have people work across multiple r...","TertiaryAttribute":null,"Payload":{"QuestionText":"Would you rather have team members designated for each role or have people work across multiple roles?&nbsp;","DefaultChoices":false,"DataExportTag":"Q14","QuestionType":"MC","Selector":"SAVR","SubSelector":"TX","DataVisibility":{"Private":false,"Hidden":false},"Configuration":{"QuestionDescriptionOption":"UseText"},"QuestionDescription":"Would you rather have team members designated for each role or have people work across multiple r...","Choices":{"1":{"Display":"Each person have one role"},"2":{"Display":"Everyone works across multiple roles"},"3":{"Display":"Not sure, whatever works best"}},"ChoiceOrder":["1","2","3"],"Validation":{"Settings":{"ForceResponse":"OFF","Type":"None"}},"GradingData":[],"Language":[],"NextChoiceId":4,"NextAnswerId":1,"QuestionID":"QID17"}}]}